// !$*UTF8*$!
{
	archiveVersion = 1;
	classes = {
	};
	objectVersion = 46;
	objects = {

/* Begin PBXBuildFile section */
		8F0CFC751B4E67640044B4E0 /* AppDelegate.swift in Sources */ = {isa = PBXBuildFile; fileRef = 8F0CFC741B4E67640044B4E0 /* AppDelegate.swift */; };
		8F0CFC771B4E67640044B4E0 /* ViewController.swift in Sources */ = {isa = PBXBuildFile; fileRef = 8F0CFC761B4E67640044B4E0 /* ViewController.swift */; };
		8F0CFC7C1B4E67640044B4E0 /* Images.xcassets in Resources */ = {isa = PBXBuildFile; fileRef = 8F0CFC7B1B4E67640044B4E0 /* Images.xcassets */; };
		8F0CFC7F1B4E67640044B4E0 /* LaunchScreen.xib in Resources */ = {isa = PBXBuildFile; fileRef = 8F0CFC7D1B4E67640044B4E0 /* LaunchScreen.xib */; };
		8F0CFC8B1B4E67640044B4E0 /* ImagePickerTests.swift in Sources */ = {isa = PBXBuildFile; fileRef = 8F0CFC8A1B4E67640044B4E0 /* ImagePickerTests.swift */; };
		8F10A8521B56657500D4ED1B /* Meme.swift in Sources */ = {isa = PBXBuildFile; fileRef = 8F10A8511B56657500D4ED1B /* Meme.swift */; };
		8F10A8591B567E6500D4ED1B /* Main.storyboard in Resources */ = {isa = PBXBuildFile; fileRef = 8F10A8571B567E6500D4ED1B /* Main.storyboard */; };
		8F10A85B1B5687F700D4ED1B /* SentItemsViewController.swift in Sources */ = {isa = PBXBuildFile; fileRef = 8F10A85A1B5687F700D4ED1B /* SentItemsViewController.swift */; };
		8F10A85F1B56A54800D4ED1B /* ImageCollectionViewCell.swift in Sources */ = {isa = PBXBuildFile; fileRef = 8F10A85E1B56A54800D4ED1B /* ImageCollectionViewCell.swift */; };
		8F31C4111B57D48F004B514E /* ImageViewMainViewController.swift in Sources */ = {isa = PBXBuildFile; fileRef = 8F31C4101B57D48F004B514E /* ImageViewMainViewController.swift */; };
		8F31C4131B590D3C004B514E /* TableViewController.swift in Sources */ = {isa = PBXBuildFile; fileRef = 8F31C4121B590D3C004B514E /* TableViewController.swift */; };
		8F31C4151B5917F6004B514E /* ShareViewController.swift in Sources */ = {isa = PBXBuildFile; fileRef = 8F31C4141B5917F6004B514E /* ShareViewController.swift */; };
		8F31C4171B5920B1004B514E /* Social.framework in Frameworks */ = {isa = PBXBuildFile; fileRef = 8F31C4161B5920B1004B514E /* Social.framework */; settings = {ATTRIBUTES = (Required, ); }; };
		8F31C4191B593CF5004B514E /* TabViewController.swift in Sources */ = {isa = PBXBuildFile; fileRef = 8F31C4181B593CF5004B514E /* TabViewController.swift */; };
/* End PBXBuildFile section */

/* Begin PBXContainerItemProxy section */
		8F0CFC851B4E67640044B4E0 /* PBXContainerItemProxy */ = {
			isa = PBXContainerItemProxy;
			containerPortal = 8F0CFC671B4E67640044B4E0 /* Project object */;
			proxyType = 1;
			remoteGlobalIDString = 8F0CFC6E1B4E67640044B4E0;
			remoteInfo = ImagePicker;
		};
/* End PBXContainerItemProxy section */

/* Begin PBXFileReference section */
		8F0CFC6F1B4E67640044B4E0 /* ImagePicker.app */ = {isa = PBXFileReference; explicitFileType = wrapper.application; includeInIndex = 0; path = ImagePicker.app; sourceTree = BUILT_PRODUCTS_DIR; };
		8F0CFC731B4E67640044B4E0 /* Info.plist */ = {isa = PBXFileReference; lastKnownFileType = text.plist.xml; path = Info.plist; sourceTree = "<group>"; };
		8F0CFC741B4E67640044B4E0 /* AppDelegate.swift */ = {isa = PBXFileReference; lastKnownFileType = sourcecode.swift; path = AppDelegate.swift; sourceTree = "<group>"; };
		8F0CFC761B4E67640044B4E0 /* ViewController.swift */ = {isa = PBXFileReference; lastKnownFileType = sourcecode.swift; path = ViewController.swift; sourceTree = "<group>"; };
		8F0CFC7B1B4E67640044B4E0 /* Images.xcassets */ = {isa = PBXFileReference; lastKnownFileType = folder.assetcatalog; path = Images.xcassets; sourceTree = "<group>"; };
		8F0CFC7E1B4E67640044B4E0 /* Base */ = {isa = PBXFileReference; lastKnownFileType = file.xib; name = Base; path = Base.lproj/LaunchScreen.xib; sourceTree = "<group>"; };
		8F0CFC841B4E67640044B4E0 /* ImagePickerTests.xctest */ = {isa = PBXFileReference; explicitFileType = wrapper.cfbundle; includeInIndex = 0; path = ImagePickerTests.xctest; sourceTree = BUILT_PRODUCTS_DIR; };
		8F0CFC891B4E67640044B4E0 /* Info.plist */ = {isa = PBXFileReference; lastKnownFileType = text.plist.xml; path = Info.plist; sourceTree = "<group>"; };
		8F0CFC8A1B4E67640044B4E0 /* ImagePickerTests.swift */ = {isa = PBXFileReference; lastKnownFileType = sourcecode.swift; path = ImagePickerTests.swift; sourceTree = "<group>"; };
		8F10A8511B56657500D4ED1B /* Meme.swift */ = {isa = PBXFileReference; fileEncoding = 4; lastKnownFileType = sourcecode.swift; path = Meme.swift; sourceTree = "<group>"; };
		8F10A8581B567E6500D4ED1B /* Base */ = {isa = PBXFileReference; lastKnownFileType = file.storyboard; name = Base; path = Base.lproj/Main.storyboard; sourceTree = "<group>"; };
		8F10A85A1B5687F700D4ED1B /* SentItemsViewController.swift */ = {isa = PBXFileReference; fileEncoding = 4; lastKnownFileType = sourcecode.swift; path = SentItemsViewController.swift; sourceTree = "<group>"; };
		8F10A85E1B56A54800D4ED1B /* ImageCollectionViewCell.swift */ = {isa = PBXFileReference; fileEncoding = 4; lastKnownFileType = sourcecode.swift; path = ImageCollectionViewCell.swift; sourceTree = "<group>"; };
		8F31C4101B57D48F004B514E /* ImageViewMainViewController.swift */ = {isa = PBXFileReference; fileEncoding = 4; lastKnownFileType = sourcecode.swift; path = ImageViewMainViewController.swift; sourceTree = "<group>"; };
		8F31C4121B590D3C004B514E /* TableViewController.swift */ = {isa = PBXFileReference; fileEncoding = 4; lastKnownFileType = sourcecode.swift; path = TableViewController.swift; sourceTree = "<group>"; };
		8F31C4141B5917F6004B514E /* ShareViewController.swift */ = {isa = PBXFileReference; fileEncoding = 4; lastKnownFileType = sourcecode.swift; path = ShareViewController.swift; sourceTree = "<group>"; };
		8F31C4161B5920B1004B514E /* Social.framework */ = {isa = PBXFileReference; lastKnownFileType = wrapper.framework; name = Social.framework; path = System/Library/Frameworks/Social.framework; sourceTree = SDKROOT; };
		8F31C4181B593CF5004B514E /* TabViewController.swift */ = {isa = PBXFileReference; fileEncoding = 4; lastKnownFileType = sourcecode.swift; path = TabViewController.swift; sourceTree = "<group>"; };
/* End PBXFileReference section */

/* Begin PBXFrameworksBuildPhase section */
		8F0CFC6C1B4E67640044B4E0 /* Frameworks */ = {
			isa = PBXFrameworksBuildPhase;
			buildActionMask = 2147483647;
			files = (
				8F31C4171B5920B1004B514E /* Social.framework in Frameworks */,
			);
			runOnlyForDeploymentPostprocessing = 0;
		};
		8F0CFC811B4E67640044B4E0 /* Frameworks */ = {
			isa = PBXFrameworksBuildPhase;
			buildActionMask = 2147483647;
			files = (
			);
			runOnlyForDeploymentPostprocessing = 0;
		};
/* End PBXFrameworksBuildPhase section */

/* Begin PBXGroup section */
		8F0CFC661B4E67640044B4E0 = {
			isa = PBXGroup;
			children = (
				8F31C4161B5920B1004B514E /* Social.framework */,
				8F0CFC711B4E67640044B4E0 /* ImagePicker */,
				8F0CFC871B4E67640044B4E0 /* ImagePickerTests */,
				8F0CFC701B4E67640044B4E0 /* Products */,
			);
			sourceTree = "<group>";
		};
		8F0CFC701B4E67640044B4E0 /* Products */ = {
			isa = PBXGroup;
			children = (
				8F0CFC6F1B4E67640044B4E0 /* ImagePicker.app */,
				8F0CFC841B4E67640044B4E0 /* ImagePickerTests.xctest */,
			);
			name = Products;
			sourceTree = "<group>";
		};
		8F0CFC711B4E67640044B4E0 /* ImagePicker */ = {
			isa = PBXGroup;
			children = (
				8F10A8571B567E6500D4ED1B /* Main.storyboard */,
				8F31C4181B593CF5004B514E /* TabViewController.swift */,
				8F31C4141B5917F6004B514E /* ShareViewController.swift */,
				8F0CFC741B4E67640044B4E0 /* AppDelegate.swift */,
				8F0CFC761B4E67640044B4E0 /* ViewController.swift */,
				8F10A85A1B5687F700D4ED1B /* SentItemsViewController.swift */,
				8F31C4121B590D3C004B514E /* TableViewController.swift */,
				8F10A8511B56657500D4ED1B /* Meme.swift */,
				8F10A85E1B56A54800D4ED1B /* ImageCollectionViewCell.swift */,
				8F31C4101B57D48F004B514E /* ImageViewMainViewController.swift */,
				8F0CFC7B1B4E67640044B4E0 /* Images.xcassets */,
				8F0CFC7D1B4E67640044B4E0 /* LaunchScreen.xib */,
				8F0CFC721B4E67640044B4E0 /* Supporting Files */,
			);
			path = ImagePicker;
			sourceTree = "<group>";
		};
		8F0CFC721B4E67640044B4E0 /* Supporting Files */ = {
			isa = PBXGroup;
			children = (
				8F0CFC731B4E67640044B4E0 /* Info.plist */,
			);
			name = "Supporting Files";
			sourceTree = "<group>";
		};
		8F0CFC871B4E67640044B4E0 /* ImagePickerTests */ = {
			isa = PBXGroup;
			children = (
				8F0CFC8A1B4E67640044B4E0 /* ImagePickerTests.swift */,
				8F0CFC881B4E67640044B4E0 /* Supporting Files */,
			);
			path = ImagePickerTests;
			sourceTree = "<group>";
		};
		8F0CFC881B4E67640044B4E0 /* Supporting Files */ = {
			isa = PBXGroup;
			children = (
				8F0CFC891B4E67640044B4E0 /* Info.plist */,
			);
			name = "Supporting Files";
			sourceTree = "<group>";
		};
/* End PBXGroup section */

/* Begin PBXNativeTarget section */
		8F0CFC6E1B4E67640044B4E0 /* ImagePicker */ = {
			isa = PBXNativeTarget;
			buildConfigurationList = 8F0CFC8E1B4E67640044B4E0 /* Build configuration list for PBXNativeTarget "ImagePicker" */;
			buildPhases = (
				8F0CFC6B1B4E67640044B4E0 /* Sources */,
				8F0CFC6C1B4E67640044B4E0 /* Frameworks */,
				8F0CFC6D1B4E67640044B4E0 /* Resources */,
			);
			buildRules = (
			);
			dependencies = (
			);
			name = ImagePicker;
			productName = ImagePicker;
			productReference = 8F0CFC6F1B4E67640044B4E0 /* ImagePicker.app */;
			productType = "com.apple.product-type.application";
		};
		8F0CFC831B4E67640044B4E0 /* ImagePickerTests */ = {
			isa = PBXNativeTarget;
			buildConfigurationList = 8F0CFC911B4E67640044B4E0 /* Build configuration list for PBXNativeTarget "ImagePickerTests" */;
			buildPhases = (
				8F0CFC801B4E67640044B4E0 /* Sources */,
				8F0CFC811B4E67640044B4E0 /* Frameworks */,
				8F0CFC821B4E67640044B4E0 /* Resources */,
			);
			buildRules = (
			);
			dependencies = (
				8F0CFC861B4E67640044B4E0 /* PBXTargetDependency */,
			);
			name = ImagePickerTests;
			productName = ImagePickerTests;
			productReference = 8F0CFC841B4E67640044B4E0 /* ImagePickerTests.xctest */;
			productType = "com.apple.product-type.bundle.unit-test";
		};
/* End PBXNativeTarget section */

/* Begin PBXProject section */
		8F0CFC671B4E67640044B4E0 /* Project object */ = {
			isa = PBXProject;
			attributes = {
				LastUpgradeCheck = 0640;
				ORGANIZATIONNAME = "Abdelaziz Elrashed";
				TargetAttributes = {
					8F0CFC6E1B4E67640044B4E0 = {
						CreatedOnToolsVersion = 6.4;
						DevelopmentTeam = TXQ85P63HY;
					};
					8F0CFC831B4E67640044B4E0 = {
						CreatedOnToolsVersion = 6.4;
						TestTargetID = 8F0CFC6E1B4E67640044B4E0;
					};
				};
			};
			buildConfigurationList = 8F0CFC6A1B4E67640044B4E0 /* Build configuration list for PBXProject "ImagePicker" */;
			compatibilityVersion = "Xcode 3.2";
			developmentRegion = English;
			hasScannedForEncodings = 0;
			knownRegions = (
				en,
				Base,
			);
			mainGroup = 8F0CFC661B4E67640044B4E0;
			productRefGroup = 8F0CFC701B4E67640044B4E0 /* Products */;
			projectDirPath = "";
			projectRoot = "";
			targets = (
				8F0CFC6E1B4E67640044B4E0 /* ImagePicker */,
				8F0CFC831B4E67640044B4E0 /* ImagePickerTests */,
			);
		};
/* End PBXProject section */

/* Begin PBXResourcesBuildPhase section */
		8F0CFC6D1B4E67640044B4E0 /* Resources */ = {
			isa = PBXResourcesBuildPhase;
			buildActionMask = 2147483647;
			files = (
				8F10A8591B567E6500D4ED1B /* Main.storyboard in Resources */,
				8F0CFC7F1B4E67640044B4E0 /* LaunchScreen.xib in Resources */,
				8F0CFC7C1B4E67640044B4E0 /* Images.xcassets in Resources */,
			);
			runOnlyForDeploymentPostprocessing = 0;
		};
		8F0CFC821B4E67640044B4E0 /* Resources */ = {
			isa = PBXResourcesBuildPhase;
			buildActionMask = 2147483647;
			files = (
			);
			runOnlyForDeploymentPostprocessing = 0;
		};
/* End PBXResourcesBuildPhase section */

/* Begin PBXSourcesBuildPhase section */
		8F0CFC6B1B4E67640044B4E0 /* Sources */ = {
			isa = PBXSourcesBuildPhase;
			buildActionMask = 2147483647;
			files = (
				8F10A85F1B56A54800D4ED1B /* ImageCollectionViewCell.swift in Sources */,
				8F31C4131B590D3C004B514E /* TableViewController.swift in Sources */,
				8F31C4111B57D48F004B514E /* ImageViewMainViewController.swift in Sources */,
				8F10A8521B56657500D4ED1B /* Meme.swift in Sources */,
				8F0CFC771B4E67640044B4E0 /* ViewController.swift in Sources */,
				8F0CFC751B4E67640044B4E0 /* AppDelegate.swift in Sources */,
				8F31C4191B593CF5004B514E /* TabViewController.swift in Sources */,
				8F31C4151B5917F6004B514E /* ShareViewController.swift in Sources */,
				8F10A85B1B5687F700D4ED1B /* SentItemsViewController.swift in Sources */,
			);
			runOnlyForDeploymentPostprocessing = 0;
		};
		8F0CFC801B4E67640044B4E0 /* Sources */ = {
			isa = PBXSourcesBuildPhase;
			buildActionMask = 2147483647;
			files = (
				8F0CFC8B1B4E67640044B4E0 /* ImagePickerTests.swift in Sources */,
			);
			runOnlyForDeploymentPostprocessing = 0;
		};
/* End PBXSourcesBuildPhase section */

/* Begin PBXTargetDependency section */
		8F0CFC861B4E67640044B4E0 /* PBXTargetDependency */ = {
			isa = PBXTargetDependency;
			target = 8F0CFC6E1B4E67640044B4E0 /* ImagePicker */;
			targetProxy = 8F0CFC851B4E67640044B4E0 /* PBXContainerItemProxy */;
		};
/* End PBXTargetDependency section */

/* Begin PBXVariantGroup section */
		8F0CFC7D1B4E67640044B4E0 /* LaunchScreen.xib */ = {
			isa = PBXVariantGroup;
			children = (
				8F0CFC7E1B4E67640044B4E0 /* Base */,
			);
			name = LaunchScreen.xib;
			sourceTree = "<group>";
		};
		8F10A8571B567E6500D4ED1B /* Main.storyboard */ = {
			isa = PBXVariantGroup;
			children = (
				8F10A8581B567E6500D4ED1B /* Base */,
			);
			name = Main.storyboard;
			sourceTree = "<group>";
		};
/* End PBXVariantGroup section */

/* Begin XCBuildConfiguration section */
		8F0CFC8C1B4E67640044B4E0 /* Debug */ = {
			isa = XCBuildConfiguration;
			buildSettings = {
				ALWAYS_SEARCH_USER_PATHS = NO;
				CLANG_CXX_LANGUAGE_STANDARD = "gnu++0x";
				CLANG_CXX_LIBRARY = "libc++";
				CLANG_ENABLE_MODULES = YES;
				CLANG_ENABLE_OBJC_ARC = YES;
				CLANG_WARN_BOOL_CONVERSION = YES;
				CLANG_WARN_CONSTANT_CONVERSION = YES;
				CLANG_WARN_DIRECT_OBJC_ISA_USAGE = YES_ERROR;
				CLANG_WARN_EMPTY_BODY = YES;
				CLANG_WARN_ENUM_CONVERSION = YES;
				CLANG_WARN_INT_CONVERSION = YES;
				CLANG_WARN_OBJC_ROOT_CLASS = YES_ERROR;
				CLANG_WARN_UNREACHABLE_CODE = YES;
				CLANG_WARN__DUPLICATE_METHOD_MATCH = YES;
				"CODE_SIGN_IDENTITY[sdk=iphoneos*]" = "iPhone Developer";
				COPY_PHASE_STRIP = NO;
				DEBUG_INFORMATION_FORMAT = "dwarf-with-dsym";
				ENABLE_STRICT_OBJC_MSGSEND = YES;
				GCC_C_LANGUAGE_STANDARD = gnu99;
				GCC_DYNAMIC_NO_PIC = NO;
				GCC_NO_COMMON_BLOCKS = YES;
				GCC_OPTIMIZATION_LEVEL = 0;
				GCC_PREPROCESSOR_DEFINITIONS = (
					"DEBUG=1",
					"$(inherited)",
				);
				GCC_SYMBOLS_PRIVATE_EXTERN = NO;
				GCC_WARN_64_TO_32_BIT_CONVERSION = YES;
				GCC_WARN_ABOUT_RETURN_TYPE = YES_ERROR;
				GCC_WARN_UNDECLARED_SELECTOR = YES;
				GCC_WARN_UNINITIALIZED_AUTOS = YES_AGGRESSIVE;
				GCC_WARN_UNUSED_FUNCTION = YES;
				GCC_WARN_UNUSED_VARIABLE = YES;
				IPHONEOS_DEPLOYMENT_TARGET = 8.4;
				MTL_ENABLE_DEBUG_INFO = YES;
				ONLY_ACTIVE_ARCH = YES;
				SDKROOT = iphoneos;
				SWIFT_OPTIMIZATION_LEVEL = "-Onone";
				TARGETED_DEVICE_FAMILY = "1,2";
			};
			name = Debug;
		};
		8F0CFC8D1B4E67640044B4E0 /* Release */ = {
			isa = XCBuildConfiguration;
			buildSettings = {
				ALWAYS_SEARCH_USER_PATHS = NO;
				CLANG_CXX_LANGUAGE_STANDARD = "gnu++0x";
				CLANG_CXX_LIBRARY = "libc++";
				CLANG_ENABLE_MODULES = YES;
				CLANG_ENABLE_OBJC_ARC = YES;
				CLANG_WARN_BOOL_CONVERSION = YES;
				CLANG_WARN_CONSTANT_CONVERSION = YES;
				CLANG_WARN_DIRECT_OBJC_ISA_USAGE = YES_ERROR;
				CLANG_WARN_EMPTY_BODY = YES;
				CLANG_WARN_ENUM_CONVERSION = YES;
				CLANG_WARN_INT_CONVERSION = YES;
				CLANG_WARN_OBJC_ROOT_CLASS = YES_ERROR;
				CLANG_WARN_UNREACHABLE_CODE = YES;
				CLANG_WARN__DUPLICATE_METHOD_MATCH = YES;
				"CODE_SIGN_IDENTITY[sdk=iphoneos*]" = "iPhone Developer";
				COPY_PHASE_STRIP = NO;
				DEBUG_INFORMATION_FORMAT = "dwarf-with-dsym";
				ENABLE_NS_ASSERTIONS = NO;
				ENABLE_STRICT_OBJC_MSGSEND = YES;
				GCC_C_LANGUAGE_STANDARD = gnu99;
				GCC_NO_COMMON_BLOCKS = YES;
				GCC_WARN_64_TO_32_BIT_CONVERSION = YES;
				GCC_WARN_ABOUT_RETURN_TYPE = YES_ERROR;
				GCC_WARN_UNDECLARED_SELECTOR = YES;
				GCC_WARN_UNINITIALIZED_AUTOS = YES_AGGRESSIVE;
				GCC_WARN_UNUSED_FUNCTION = YES;
				GCC_WARN_UNUSED_VARIABLE = YES;
				IPHONEOS_DEPLOYMENT_TARGET = 8.4;
				MTL_ENABLE_DEBUG_INFO = NO;
				SDKROOT = iphoneos;
				TARGETED_DEVICE_FAMILY = "1,2";
				VALIDATE_PRODUCT = YES;
			};
			name = Release;
		};
		8F0CFC8F1B4E67640044B4E0 /* Debug */ = {
			isa = XCBuildConfiguration;
			buildSettings = {
				ASSETCATALOG_COMPILER_APPICON_NAME = AppIcon;
				CODE_SIGN_IDENTITY = "iPhone Developer";
				INFOPLIST_FILE = ImagePicker/Info.plist;
				IPHONEOS_DEPLOYMENT_TARGET = 7.1;
				LD_RUNPATH_SEARCH_PATHS = "$(inherited) @executable_path/Frameworks";
				PRODUCT_NAME = "$(TARGET_NAME)";
			};
			name = Debug;
		};
		8F0CFC901B4E67640044B4E0 /* Release */ = {
			isa = XCBuildConfiguration;
			buildSettings = {
				ASSETCATALOG_COMPILER_APPICON_NAME = AppIcon;
				CODE_SIGN_IDENTITY = "iPhone Developer";
				INFOPLIST_FILE = ImagePicker/Info.plist;
				IPHONEOS_DEPLOYMENT_TARGET = 7.1;
				LD_RUNPATH_SEARCH_PATHS = "$(inherited) @executable_path/Frameworks";
				PRODUCT_NAME = "$(TARGET_NAME)";
			};
			name = Release;
		};
		8F0CFC921B4E67640044B4E0 /* Debug */ = {
			isa = XCBuildConfiguration;
			buildSettings = {
				BUNDLE_LOADER = "$(TEST_HOST)";
				FRAMEWORK_SEARCH_PATHS = (
					"$(SDKROOT)/Developer/Library/Frameworks",
					"$(inherited)",
				);
				GCC_PREPROCESSOR_DEFINITIONS = (
					"DEBUG=1",
					"$(inherited)",
				);
				INFOPLIST_FILE = ImagePickerTests/Info.plist;
				LD_RUNPATH_SEARCH_PATHS = "$(inherited) @executable_path/Frameworks @loader_path/Frameworks";
				PRODUCT_NAME = "$(TARGET_NAME)";
				TEST_HOST = "$(BUILT_PRODUCTS_DIR)/ImagePicker.app/ImagePicker";
			};
			name = Debug;
		};
		8F0CFC931B4E67640044B4E0 /* Release */ = {
			isa = XCBuildConfiguration;
			buildSettings = {
				BUNDLE_LOADER = "$(TEST_HOST)";
				FRAMEWORK_SEARCH_PATHS = (
					"$(SDKROOT)/Developer/Library/Frameworks",
					"$(inherited)",
				);
				INFOPLIST_FILE = ImagePickerTests/Info.plist;
				LD_RUNPATH_SEARCH_PATHS = "$(inherited) @executable_path/Frameworks @loader_path/Frameworks";
				PRODUCT_NAME = "$(TARGET_NAME)";
				TEST_HOST = "$(BUILT_PRODUCTS_DIR)/ImagePicker.app/ImagePicker";
			};
			name = Release;
		};
/* End XCBuildConfiguration section */

/* Begin XCConfigurationList section */
		8F0CFC6A1B4E67640044B4E0 /* Build configuration list for PBXProject "ImagePicker" */ = {
			isa = XCConfigurationList;
			buildConfigurations = (
				8F0CFC8C1B4E67640044B4E0 /* Debug */,
				8F0CFC8D1B4E67640044B4E0 /* Release */,
			);
			defaultConfigurationIsVisible = 0;
			defaultConfigurationName = Release;
		};
		8F0CFC8E1B4E67640044B4E0 /* Build configuration list for PBXNativeTarget "ImagePicker" */ = {
			isa = XCConfigurationList;
			buildConfigurations = (
				8F0CFC8F1B4E67640044B4E0 /* Debug */,
				8F0CFC901B4E67640044B4E0 /* Release */,
			);
			defaultConfigurationIsVisible = 0;
			defaultConfigurationName = Release;
		};
		8F0CFC911B4E67640044B4E0 /* Build configuration list for PBXNativeTarget "ImagePickerTests" */ = {
			isa = XCConfigurationList;
			buildConfigurations = (
				8F0CFC921B4E67640044B4E0 /* Debug */,
				8F0CFC931B4E67640044B4E0 /* Release */,
			);
			defaultConfigurationIsVisible = 0;
			defaultConfigurationName = Release;
		};
/* End XCConfigurationList section */
	};
	rootObject = 8F0CFC671B4E67640044B4E0 /* Project object */;
}
